
Microsoft Visual Studio Solution File, Format Version 12.00
# Visual Studio 15
VisualStudioVersion = 15.0.27130.2010
MinimumVisualStudioVersion = 10.0.40219.1
Project("{FAE04EC0-301F-11D3-BF4B-00C04F79EFBC}") = "Silent Update", "Silent Update\Silent Update.csproj", "{2DB1D45E-08B8-4DD5-94BB-64990A5FF508}"
EndProject
Global
	GlobalSection(SolutionConfigurationPlatforms) = preSolution
		Debug|Any CPU = Debug|Any CPU
		Release|Any CPU = Release|Any CPU
	EndGlobalSection
	GlobalSection(ProjectConfigurationPlatforms) = postSolution
		{2DB1D45E-08B8-4DD5-94BB-64990A5FF508}.Debug|Any CPU.ActiveCfg = Debug|Any CPU
		{2DB1D45E-08B8-4DD5-94BB-64990A5FF508}.Debug|Any CPU.Build.0 = Debug|Any CPU
		{2DB1D45E-08B8-4DD5-94BB-64990A5FF508}.Release|Any CPU.ActiveCfg = Release|Any CPU
		{2DB1D45E-08B8-4DD5-94BB-64990A5FF508}.Release|Any CPU.Build.0 = Release|Any CPU
	EndGlobalSection
	GlobalSection(SolutionProperties) = preSolution
		HideSolutionNode = FALSE
	EndGlobalSection
	GlobalSection(ExtensibilityGlobals) = postSolution
		SolutionGuid = {9E0BB4DD-60E1-47B6-B7C5-950200C75CA3}
	EndGlobalSection
EndGlobal
